
Microsoft Visual Studio Solution File, Format Version 12.00
# Visual Studio Version 17
VisualStudioVersion = 17.14.36109.1
MinimumVisualStudioVersion = 10.0.40219.1
Project("{FAE04EC0-301F-11D3-BF4B-00C04F79EFBC}") = "Task_Management.Shared", "Task_Management.Shared\Task_Management.Shared.csproj", "{446A14A9-1E6B-4551-8FAD-E6B43FC5E9CF}"
EndProject
Project("{FAE04EC0-301F-11D3-BF4B-00C04F79EFBC}") = "Task_Management.API", "Task_Management.API\Task_Management.API.csproj", "{AB956FE6-39BB-4A30-950F-C00061FD7902}"
EndProject
Project("{FAE04EC0-301F-11D3-BF4B-00C04F79EFBC}") = "Task_Management.Interfaces", "Task_Management.Interfaces\Task_Management.Interfaces.csproj", "{288FDCB2-B1C7-4F72-B265-52C0A46B4ECB}"
EndProject
Project("{FAE04EC0-301F-11D3-BF4B-00C04F79EFBC}") = "Task_Management.Repository", "Task_Management.Repository\Task_Management.Repository.csproj", "{3A383C69-4EE8-4467-94CD-1A321EDD172F}"
EndProject
Project("{FAE04EC0-301F-11D3-BF4B-00C04F79EFBC}") = "TaskManagement.EntityFrameworkCore", "TaskManagement.EntityFrameworkCore\TaskManagement.EntityFrameworkCore.csproj", "{F15F6670-3288-4604-BA0A-EA1C7803D69D}"
EndProject
Global
	GlobalSection(SolutionConfigurationPlatforms) = preSolution
		Debug|Any CPU = Debug|Any CPU
		Release|Any CPU = Release|Any CPU
	EndGlobalSection
	GlobalSection(ProjectConfigurationPlatforms) = postSolution
		{446A14A9-1E6B-4551-8FAD-E6B43FC5E9CF}.Debug|Any CPU.ActiveCfg = Debug|Any CPU
		{446A14A9-1E6B-4551-8FAD-E6B43FC5E9CF}.Debug|Any CPU.Build.0 = Debug|Any CPU
		{446A14A9-1E6B-4551-8FAD-E6B43FC5E9CF}.Release|Any CPU.ActiveCfg = Release|Any CPU
		{446A14A9-1E6B-4551-8FAD-E6B43FC5E9CF}.Release|Any CPU.Build.0 = Release|Any CPU
		{AB956FE6-39BB-4A30-950F-C00061FD7902}.Debug|Any CPU.ActiveCfg = Debug|Any CPU
		{AB956FE6-39BB-4A30-950F-C00061FD7902}.Debug|Any CPU.Build.0 = Debug|Any CPU
		{AB956FE6-39BB-4A30-950F-C00061FD7902}.Release|Any CPU.ActiveCfg = Release|Any CPU
		{AB956FE6-39BB-4A30-950F-C00061FD7902}.Release|Any CPU.Build.0 = Release|Any CPU
		{288FDCB2-B1C7-4F72-B265-52C0A46B4ECB}.Debug|Any CPU.ActiveCfg = Debug|Any CPU
		{288FDCB2-B1C7-4F72-B265-52C0A46B4ECB}.Debug|Any CPU.Build.0 = Debug|Any CPU
		{288FDCB2-B1C7-4F72-B265-52C0A46B4ECB}.Release|Any CPU.ActiveCfg = Release|Any CPU
		{288FDCB2-B1C7-4F72-B265-52C0A46B4ECB}.Release|Any CPU.Build.0 = Release|Any CPU
		{3A383C69-4EE8-4467-94CD-1A321EDD172F}.Debug|Any CPU.ActiveCfg = Debug|Any CPU
		{3A383C69-4EE8-4467-94CD-1A321EDD172F}.Debug|Any CPU.Build.0 = Debug|Any CPU
		{3A383C69-4EE8-4467-94CD-1A321EDD172F}.Release|Any CPU.ActiveCfg = Release|Any CPU
		{3A383C69-4EE8-4467-94CD-1A321EDD172F}.Release|Any CPU.Build.0 = Release|Any CPU
		{F15F6670-3288-4604-BA0A-EA1C7803D69D}.Debug|Any CPU.ActiveCfg = Debug|Any CPU
		{F15F6670-3288-4604-BA0A-EA1C7803D69D}.Debug|Any CPU.Build.0 = Debug|Any CPU
		{F15F6670-3288-4604-BA0A-EA1C7803D69D}.Release|Any CPU.ActiveCfg = Release|Any CPU
		{F15F6670-3288-4604-BA0A-EA1C7803D69D}.Release|Any CPU.Build.0 = Release|Any CPU
	EndGlobalSection
	GlobalSection(SolutionProperties) = preSolution
		HideSolutionNode = FALSE
	EndGlobalSection
	GlobalSection(ExtensibilityGlobals) = postSolution
		SolutionGuid = {D3A455B8-7CBA-48F3-8DCE-BDA08A74A3E4}
	EndGlobalSection
EndGlobal
